# This file is autogenerated, do not edit; changes may be undone by the next 'dep ensure'.


[[projects]]
  digest = "1:88c28e1b18ca45e662252fc14e399f6c43f58e951a2fab3075e41c01d506f210"
  name = "github.com/algolia/algoliasearch-client-go"
  packages = ["algoliasearch"]
  pruneopts = ""
  revision = "f6a752685e40e92baac7115f83578cf8ef8b6e46"
  version = "2.21.1"

[[projects]]
  digest = "1:8b6859c51c77b0a243a42aa17e895602b8ab14a9b583b7bebf79021ce5c01197"
  name = "github.com/apex/log"
  packages = [
    ".",
    "handlers/cli",
  ]
  pruneopts = ""
  revision = "0296d6eb16bb28f8a0c55668affcf4876dc269be"
  version = "v1.0.0"

[[projects]]
  digest = "1:b2106f1668ea5efc1ecc480f7e922a093adb9563fd9ce58585292871f0d0f229"
  name = "github.com/fsnotify/fsnotify"
  packages = ["."]
  pruneopts = ""
  revision = "c2828203cd70a50dcccfb2761f8b1f8ceef9a8e9"
  version = "v1.4.7"

[[projects]]
  digest = "1:b1d3041d568e065ab4d76f7477844458e9209c0bb241eaccdc0770bf0a13b120"
  name = "github.com/golang/protobuf"
  packages = ["proto"]
  pruneopts = ""
  revision = "b4deda0973fb4c70b50d226b1af49f3da59f5265"
  version = "v1.1.0"

[[projects]]
  branch = "master"
  digest = "1:13177642cd6a74e23aa766d45ed2d4aaf49a49509d1e3b0888f360e022959919"
  name = "github.com/google/go-github"
  packages = ["github"]
  pruneopts = ""
  revision = "b93adc1c7febaf7dad1bed965e5310a86bc2623e"

[[projects]]
  branch = "master"
  digest = "1:9abc49f39e3e23e262594bb4fb70abf74c0c99e94f99153f43b143805e850719"
  name = "github.com/google/go-querystring"
  packages = ["query"]
  pruneopts = ""
  revision = "53e6ce116135b80d037921a7fdd5138cf32d7a8a"

[[projects]]
  digest = "1:65bb4389b464582cb4cc66803bd3118df47d6fc1b86ca24653663deae199f13a"
  name = "github.com/goreleaser/archive"
  packages = [
    ".",
    "tar",
    "zip",
  ]
  pruneopts = ""
  revision = "9c6b0c177751034bab579499b81c69993ddfe563"
  version = "v1.1.3"

[[projects]]
  digest = "1:18e5d2a156b23858a29fec8a9485ee3c0fa78aeb158f2ce0209597f7fb058431"
  name = "github.com/goreleaser/goreleaser"
  packages = [
    ".",
    "checksum",
    "config",
    "context",
    "goreleaserlib",
    "internal/archiveformat",
    "internal/buildtarget",
    "internal/client",
    "internal/ext",
    "internal/name",
    "pipeline",
    "pipeline/archive",
    "pipeline/brew",
    "pipeline/build",
    "pipeline/checksums",
    "pipeline/cleandist",
    "pipeline/defaults",
    "pipeline/env",
    "pipeline/fpm",
    "pipeline/git",
    "pipeline/release",
  ]
  pruneopts = ""
  revision = "d115d4bd6c5b8012ac888b6d00a70f8081ff4f23"
  version = "v0.26.0"

[[projects]]
  branch = "master"
  digest = "1:648d4a05fa2648a1cea97132b077aa15e7b057cad78b34bdf998ab5e4a64ee52"
  name = "github.com/hashicorp/hcl"
  packages = [
    ".",
    "hcl/ast",
    "hcl/parser",
    "hcl/scanner",
    "hcl/strconv",
    "hcl/token",
    "json/parser",
    "json/scanner",
    "json/token",
  ]
  pruneopts = ""
  revision = "23c074d0eceb2b8a5bfdbb271ab780cde70f05a8"

[[projects]]
  digest = "1:870d441fe217b8e689d7949fef6e43efbc787e50f200cb1e70dbca9204a1d6be"
  name = "github.com/inconshreveable/mousetrap"
  packages = ["."]
  pruneopts = ""
  revision = "76626ae9c91c4f2a10f34cad8ce83ea42c93bb75"
  version = "v1.0"

[[projects]]
  branch = "master"
  digest = "1:6ab1925f5db5daffed7ef9f13c84cbb1cfa47d6d704103e09d40c2b58c441fb9"
  name = "github.com/kyoh86/xdg"
  packages = ["."]
  pruneopts = ""
  revision = "8db68a8ea76a47f1f677f533df8b125b464d5210"

[[projects]]
  digest = "1:697dfe408324c9ffd3c45a486d12c517bc3ebfd89d49375ece859b248f1471b0"
  name = "github.com/magefile/mage"
  packages = [
    "build",
    "mage",
    "mg",
    "parse",
    "parse/srcimporter",
    "sh",
    "types",
  ]
  pruneopts = ""
  revision = "771ebed3d686dce3d36cab4fc9ee55c295ed8905"
  version = "2.1"

[[projects]]
  digest = "1:fd4be92c5f012c472da2080e22deb0951cff42a489a6eb5d200e37dbcfeab28f"
  name = "github.com/magiconair/properties"
  packages = ["."]
  pruneopts = ""
  revision = "d419a98cdbed11a922bf76f257b7c4be79b50e73"
  version = "v1.7.4"

[[projects]]
  branch = "master"
  digest = "1:5022de75c6bc1dd71efee42e365062c2a09484e02e08bd8de910401f97956713"
  name = "github.com/mattn/go-zglob"
  packages = [
    ".",
    "fastwalk",
  ]
  pruneopts = ""
  revision = "c436403c742d0b6d8fc37e69eadf33e024fe74fa"

[[projects]]
  branch = "master"
  digest = "1:a31c8ff06bf8ccc1826e3a28a4132bf217a53f3b096e6a03dcac7b6a9eb796f9"
  name = "github.com/mitchellh/mapstructure"
  packages = ["."]
  pruneopts = ""
  revision = "b4575eea38cca1123ec2dc90c26529b5c5acfcff"

[[projects]]
  digest = "1:fef37519c971ab3c464318a0c9da6a7fb9c21439aa587e61bf10af651e6119b9"
  name = "github.com/pelletier/go-toml"
  packages = ["."]
  pruneopts = ""
  revision = "acdc4509485b587f5e675510c4f2c63e90ff68a8"
  version = "v1.1.0"

[[projects]]
  digest = "1:7365acd48986e205ccb8652cc746f09c8b7876030d53710ea6ef7d0bd0dcd7ca"
  name = "github.com/pkg/errors"
  packages = ["."]
  pruneopts = ""
  revision = "645ef00459ed84a119197bfb8d8205042c6df63d"
  version = "v0.8.0"

[[projects]]
  digest = "1:a58ad73ed272ec394398449105271c425ac634f908bda45825c466abb948ca86"
  name = "github.com/spf13/afero"
  packages = [
    ".",
    "mem",
  ]
  pruneopts = ""
  revision = "bb8f1927f2a9d3ab41c9340aa034f6b803f4359c"
  version = "v1.0.2"

[[projects]]
  digest = "1:6ff9b74bfea2625f805edec59395dc37e4a06458dd3c14e3372337e3d35a2ed6"
  name = "github.com/spf13/cast"
  packages = ["."]
  pruneopts = ""
  revision = "acbeb36b902d72a7a4c18e8f3241075e7ab763e4"
  version = "v1.1.0"

[[projects]]
  digest = "1:101444b6da4e706fc5d1b997a39c982ecc3eaede505ae0888142991266eb499b"
  name = "github.com/spf13/cobra"
  packages = ["."]
  pruneopts = ""
  revision = "7b2c5ac9fc04fc5efafb60700713d4fa609b777b"
  version = "v0.0.1"

[[projects]]
  branch = "master"
  digest = "1:104517520aab91164020ab6524a5d6b7cafc641b2e42ac6236f6ac1deac4f66a"
  name = "github.com/spf13/jwalterweatherman"
  packages = ["."]
  pruneopts = ""
  revision = "7c0cea34c8ece3fbeb2b27ab9b59511d360fb394"

[[projects]]
  digest = "1:261bc565833ef4f02121450d74eb88d5ae4bd74bfe5d0e862cddb8550ec35000"
  name = "github.com/spf13/pflag"
  packages = ["."]
  pruneopts = ""
  revision = "e57e3eeb33f795204c1ca35f56c44f83227c6e66"
  version = "v1.0.0"

[[projects]]
  digest = "1:ff456b6c80595ee3080e46eb9a7dffa826df57de2d678d590027455d37e11213"
  name = "github.com/spf13/viper"
  packages = ["."]
  pruneopts = ""
  revision = "25b30aa063fc18e48662b86996252eabdcf2f0c7"
  version = "v1.0.0"

[[projects]]
  digest = "1:4e3dde60e6be4a3fc63e7cbfb77ad061cbf412ac8e17f344bc71568785cd76e8"
  name = "github.com/urfave/cli"
  packages = ["."]
  pruneopts = ""
  revision = "cfb38830724cc34fedffe9a2a29fb54fa9169cd1"
  version = "v1.20.0"

[[projects]]
  branch = "master"
  digest = "1:51088915bec13634187982db974f499a4a5cf89112cde4a860f028e4e04a6469"
  name = "golang.org/x/net"
  packages = [
    "context",
    "context/ctxhttp",
  ]
  pruneopts = ""
  revision = "3673e40ba22529d22c3fd7c93e97b0ce50fa7bdd"

[[projects]]
  branch = "master"
  digest = "1:74e084732dda056797a936c46f287c45fef85514506f0b448117be182a5a5979"
  name = "golang.org/x/oauth2"
  packages = [
    ".",
    "internal",
  ]
  pruneopts = ""
  revision = "3d292e4d0cdc3a0113e6d207bb137145ef1de42f"

[[projects]]
  branch = "master"
  digest = "1:d84d0f563cc649de4c9a8272a0395f75b11952202d18d4d927e933cc91493062"
  name = "golang.org/x/sync"
  packages = ["errgroup"]
  pruneopts = ""
  revision = "1d60e4601c6fd243af51cc01ddf169918a5407ca"

[[projects]]
  branch = "master"
  digest = "1:302ab40eed123cd3a5ea5314775c7b7ba5cf2634d46d81df6dd0e1bc8392f605"
  name = "golang.org/x/sys"
  packages = ["unix"]
  pruneopts = ""
  revision = "ff2a66f350cefa5c93a634eadb5d25bb60c85a9c"

[[projects]]
  branch = "master"
  digest = "1:e390b35ff3921303ce8a400363d6fa5174f24ff5fe01cbb98a8f8b3b7f84b1da"
  name = "golang.org/x/text"
  packages = [
    "internal/gen",
    "internal/triegen",
    "internal/ucd",
    "transform",
    "unicode/cldr",
    "unicode/norm",
  ]
  pruneopts = ""
  revision = "e19ae1496984b1c655b8044a65c0300a3c878dd3"

[[projects]]
  digest = "1:eede11c81b63c8f6fd06ef24ba0a640dc077196ec9b7a58ecde03c82eee2f151"
  name = "google.golang.org/appengine"
  packages = [
    "internal",
    "internal/base",
    "internal/datastore",
    "internal/log",
    "internal/remote_api",
    "internal/urlfetch",
    "urlfetch",
  ]
  pruneopts = ""
  revision = "b1f26356af11148e710935ed1ac8a7f5702c7612"
  version = "v1.1.0"

[[projects]]
  branch = "v2"
  digest = "1:4b4e5848dfe7f316f95f754df071bebfb40cf4482da62e17e7e1aebdf11f4918"
  name = "gopkg.in/yaml.v2"
  packages = ["."]
  pruneopts = ""
  revision = "d670f9405373e636a5a2765eea47fac0c9bc91a4"

[solve-meta]
  analyzer-name = "dep"
  analyzer-version = 1
  input-imports = [
    "github.com/algolia/algoliasearch-client-go/algoliasearch",
    "github.com/apex/log",
    "github.com/apex/log/handlers/cli",
    "github.com/goreleaser/goreleaser",
    "github.com/kyoh86/xdg",
    "github.com/magefile/mage/mage",
    "github.com/magefile/mage/mg",
    "github.com/magefile/mage/sh",
    "github.com/spf13/cobra",
    "github.com/spf13/viper",
  ]
  solver-name = "gps-cdcl"
  solver-version = 1
